{
  "lockfileVersion": 1,
  "workspaces": {
    "": {
      "dependencies": {
        "bun": "latest",
      },
      "devDependencies": {
        "@types/bun": "latest",
      },
    },
  },
  "packages": {
    "@oven/bun-darwin-aarch64": ["@oven/bun-darwin-aarch64@1.2.13", "", { "os": "darwin", "cpu": "arm64" }, "sha512-AOU4O9jxRp2TXeqoEfOjEaUNZb3+SUPBN8TIEnUjpnyLWPoYJGCeNdQuCDcUkmF3MJEmEuJdyF1IeOITozpC6A=="],

    "@oven/bun-darwin-x64": ["@oven/bun-darwin-x64@1.2.13", "", { "os": "darwin", "cpu": "x64" }, "sha512-kJ2iOvxY8uz5/nu+8zIjKf4LmRIHBH9pJJM2q+tA47U04Tod6k6rtntDOI8SdmRe2M5c87RfbadWdxhpYHFIWQ=="],

    "@oven/bun-darwin-x64-baseline": ["@oven/bun-darwin-x64-baseline@1.2.13", "", { "os": "darwin", "cpu": "x64" }, "sha512-bZpIUOvx9np07AmH5MVXGYHWZ40m2vCpNV74fma6sCzBlssJclS2V3BZgO+lLvtUKSqnW3HAyJBGsRF34wPbNw=="],

    "@oven/bun-linux-aarch64": ["@oven/bun-linux-aarch64@1.2.13", "", { "os": "linux", "cpu": "arm64" }, "sha512-hocSJmblX4CCjP1HpaM64I65erB+CONUCCwKzGGOfLGLobVi+vn/G56UaYWsje1y/Z7WlVaUSgKYVWl7EJ6T9g=="],

    "@oven/bun-linux-aarch64-musl": ["@oven/bun-linux-aarch64-musl@1.2.13", "", { "os": "linux", "cpu": "none" }, "sha512-P56m718KXeyu4Vq5fsESFktfu+0Us1jhu/ZzgHYFRYJcm/hjs6AUA/RJtUAifFy5PNAM5IJdrYl3xPsE8Wa+pg=="],

    "@oven/bun-linux-x64": ["@oven/bun-linux-x64@1.2.13", "", { "os": "linux", "cpu": "x64" }, "sha512-pf8+Kn2GLrFKLcb8JSLM6Z147Af6L9GQODpnOHM4gvXQv6E/GwQg47/o+7f1XCfzib3fdzOTJlDPvvO1rnXOTA=="],

    "@oven/bun-linux-x64-baseline": ["@oven/bun-linux-x64-baseline@1.2.13", "", { "os": "linux", "cpu": "x64" }, "sha512-9n1ai2ejEpxEMqpbHQMWFyvacq3MYsB7gh5mxRlFwhNFPCWu/Sv6gyrO+q2vkOYgcEIGhJb6dqJ6L9vBNaL61A=="],

    "@oven/bun-linux-x64-musl": ["@oven/bun-linux-x64-musl@1.2.13", "", { "os": "linux", "cpu": "x64" }, "sha512-w5Ob+GM3Ww4yRA6f1N845o6wEvuwHSmipFUGaRaVp4UELrFnIV9G3pmrlBbYHFnWhk13o8Q7H1/4ZphOkCRJmQ=="],

    "@oven/bun-linux-x64-musl-baseline": ["@oven/bun-linux-x64-musl-baseline@1.2.13", "", { "os": "linux", "cpu": "x64" }, "sha512-VI8hVdfqk0QmbAbyrsIdo2O95n3fkbt72E0h3Wu69cHD1iKJqRXG28R8QoHdehoLSJnKVzRTwsUzHp764nefWQ=="],

    "@oven/bun-windows-x64": ["@oven/bun-windows-x64@1.2.13", "", { "os": "win32", "cpu": "x64" }, "sha512-sArgbRmT7V3mUdNFaAdUcuJsuS+oeMDZLPWFSg0gtQZpRrURs9nPzEnZMmVCFo4+kPF9Tb5ujQT9uDySh6/qVg=="],

    "@oven/bun-windows-x64-baseline": ["@oven/bun-windows-x64-baseline@1.2.13", "", { "os": "win32", "cpu": "x64" }, "sha512-Aiezu99fOUJJpzGuylOJryd6w9Syg2TBigHeXV2+RJsouBzvAnIEYIBA94ZspRq1ulD26Wmkk8Ae+jZ4edk9GA=="],

    "@types/bun": ["@types/bun@1.2.12", "", { "dependencies": { "bun-types": "1.2.12" } }, "sha512-lY/GQTXDGsolT/TiH72p1tuyUORuRrdV7VwOTOjDOt8uTBJQOJc5zz3ufwwDl0VBaoxotSk4LdP0hhjLJ6ypIQ=="],

    "@types/node": ["@types/node@22.15.17", "", { "dependencies": { "undici-types": "~6.21.0" } }, "sha512-wIX2aSZL5FE+MR0JlvF87BNVrtFWf6AE6rxSE9X7OwnVvoyCQjpzSRJ+M87se/4QCkCiebQAqrJ0y6fwIyi7nw=="],

    "bun": ["bun@1.2.13", "", { "optionalDependencies": { "@oven/bun-darwin-aarch64": "1.2.13", "@oven/bun-darwin-x64": "1.2.13", "@oven/bun-darwin-x64-baseline": "1.2.13", "@oven/bun-linux-aarch64": "1.2.13", "@oven/bun-linux-aarch64-musl": "1.2.13", "@oven/bun-linux-x64": "1.2.13", "@oven/bun-linux-x64-baseline": "1.2.13", "@oven/bun-linux-x64-musl": "1.2.13", "@oven/bun-linux-x64-musl-baseline": "1.2.13", "@oven/bun-windows-x64": "1.2.13", "@oven/bun-windows-x64-baseline": "1.2.13" }, "os": [ "linux", "win32", "darwin", ], "cpu": [ "x64", "arm64", ], "bin": { "bun": "bin/bun.exe", "bunx": "bin/bun.exe" } }, "sha512-EhP1MhFbicqtaRSFCbEZdkcFco8Ov47cNJcB9QmKS8U4cojKHfLU+dQR14lCvLYmtBvGgwv/Lp+9SSver2OPzQ=="],

    "bun-types": ["bun-types@1.2.12", "", { "dependencies": { "@types/node": "*" } }, "sha512-tvWMx5vPqbRXgE8WUZI94iS1xAYs8bkqESR9cxBB1Wi+urvfTrF1uzuDgBHFAdO0+d2lmsbG3HmeKMvUyj6pWA=="],

    "undici-types": ["undici-types@6.21.0", "", {}, "sha512-iwDZqg0QAGrg9Rav5H4n0M64c3mkR59cJ6wQp+7C4nI0gsmExaedaYLNO44eT4AtBBwjbTiGPMlt2Md0T9H9JQ=="],
  }
}
